
Microsoft Visual Studio Solution File, Format Version 12.00
# Visual Studio Version 17
VisualStudioVersion = 17.3.32825.248
MinimumVisualStudioVersion = 10.0.40219.1
Project("{FAE04EC0-301F-11D3-BF4B-00C04F79EFBC}") = "LinqSetProject", "LinqSetProject\LinqSetProject.csproj", "{3C59A48C-43AA-4B40-9026-A970DFDDDC5C}"
EndProject
Global
	GlobalSection(SolutionConfigurationPlatforms) = preSolution
		Debug|Any CPU = Debug|Any CPU
		Release|Any CPU = Release|Any CPU
	EndGlobalSection
	GlobalSection(ProjectConfigurationPlatforms) = postSolution
		{3C59A48C-43AA-4B40-9026-A970DFDDDC5C}.Debug|Any CPU.ActiveCfg = Debug|Any CPU
		{3C59A48C-43AA-4B40-9026-A970DFDDDC5C}.Debug|Any CPU.Build.0 = Debug|Any CPU
		{3C59A48C-43AA-4B40-9026-A970DFDDDC5C}.Release|Any CPU.ActiveCfg = Release|Any CPU
		{3C59A48C-43AA-4B40-9026-A970DFDDDC5C}.Release|Any CPU.Build.0 = Release|Any CPU
	EndGlobalSection
	GlobalSection(SolutionProperties) = preSolution
		HideSolutionNode = FALSE
	EndGlobalSection
	GlobalSection(ExtensibilityGlobals) = postSolution
		SolutionGuid = {A9AF33BC-18A9-413B-AA1C-13B4AABC5B83}
	EndGlobalSection
EndGlobal
